
Microsoft Visual Studio Solution File, Format Version 12.00
# Visual Studio Version 16
VisualStudioVersion = 16.0.31129.286
MinimumVisualStudioVersion = 10.0.40219.1
Project("{FAE04EC0-301F-11D3-BF4B-00C04F79EFBC}") = "CapaPresentacion", "CapaPresentacion\CapaPresentacion.csproj", "{A978088D-3E49-4EDB-B176-BC2C6C0B8EAD}"
EndProject
Project("{FAE04EC0-301F-11D3-BF4B-00C04F79EFBC}") = "CapaNegocio", "CapaNegocio\CapaNegocio.csproj", "{83BA6770-9B54-4985-87F7-7B3CA0A93B64}"
EndProject
Project("{FAE04EC0-301F-11D3-BF4B-00C04F79EFBC}") = "CapaDatos", "CapaDatos\CapaDatos.csproj", "{C6981C78-5F2C-49E7-828F-AD50604F704A}"
EndProject
Project("{FAE04EC0-301F-11D3-BF4B-00C04F79EFBC}") = "CapaEntidad", "CapaEntidad\CapaEntidad.csproj", "{C15EB1A9-61BC-4B2E-8B33-8CF7E1B0FAE0}"
EndProject
Global
	GlobalSection(SolutionConfigurationPlatforms) = preSolution
		Debug|Any CPU = Debug|Any CPU
		Release|Any CPU = Release|Any CPU
	EndGlobalSection
	GlobalSection(ProjectConfigurationPlatforms) = postSolution
		{A978088D-3E49-4EDB-B176-BC2C6C0B8EAD}.Debug|Any CPU.ActiveCfg = Debug|Any CPU
		{A978088D-3E49-4EDB-B176-BC2C6C0B8EAD}.Debug|Any CPU.Build.0 = Debug|Any CPU
		{A978088D-3E49-4EDB-B176-BC2C6C0B8EAD}.Release|Any CPU.ActiveCfg = Release|Any CPU
		{A978088D-3E49-4EDB-B176-BC2C6C0B8EAD}.Release|Any CPU.Build.0 = Release|Any CPU
		{83BA6770-9B54-4985-87F7-7B3CA0A93B64}.Debug|Any CPU.ActiveCfg = Debug|Any CPU
		{83BA6770-9B54-4985-87F7-7B3CA0A93B64}.Debug|Any CPU.Build.0 = Debug|Any CPU
		{83BA6770-9B54-4985-87F7-7B3CA0A93B64}.Release|Any CPU.ActiveCfg = Release|Any CPU
		{83BA6770-9B54-4985-87F7-7B3CA0A93B64}.Release|Any CPU.Build.0 = Release|Any CPU
		{C6981C78-5F2C-49E7-828F-AD50604F704A}.Debug|Any CPU.ActiveCfg = Debug|Any CPU
		{C6981C78-5F2C-49E7-828F-AD50604F704A}.Debug|Any CPU.Build.0 = Debug|Any CPU
		{C6981C78-5F2C-49E7-828F-AD50604F704A}.Release|Any CPU.ActiveCfg = Release|Any CPU
		{C6981C78-5F2C-49E7-828F-AD50604F704A}.Release|Any CPU.Build.0 = Release|Any CPU
		{C15EB1A9-61BC-4B2E-8B33-8CF7E1B0FAE0}.Debug|Any CPU.ActiveCfg = Debug|Any CPU
		{C15EB1A9-61BC-4B2E-8B33-8CF7E1B0FAE0}.Debug|Any CPU.Build.0 = Debug|Any CPU
		{C15EB1A9-61BC-4B2E-8B33-8CF7E1B0FAE0}.Release|Any CPU.ActiveCfg = Release|Any CPU
		{C15EB1A9-61BC-4B2E-8B33-8CF7E1B0FAE0}.Release|Any CPU.Build.0 = Release|Any CPU
	EndGlobalSection
	GlobalSection(SolutionProperties) = preSolution
		HideSolutionNode = FALSE
	EndGlobalSection
	GlobalSection(ExtensibilityGlobals) = postSolution
		SolutionGuid = {F27902A2-AADA-4105-93FE-167305959BDC}
	EndGlobalSection
EndGlobal
